// !$*UTF8*$!
{
	archiveVersion = 1;
	classes = {
	};
	objectVersion = 46;
	objects = {

/* Begin PBXBuildFile section */
		F1B7664D1D4F22600022C9FC /* AppDelegate.swift in Sources */ = {isa = PBXBuildFile; fileRef = F1B7664C1D4F22600022C9FC /* AppDelegate.swift */; };
		F1B7664F1D4F22600022C9FC /* ViewController.swift in Sources */ = {isa = PBXBuildFile; fileRef = F1B7664E1D4F22600022C9FC /* ViewController.swift */; };
		F1B766521D4F22600022C9FC /* Main.storyboard in Resources */ = {isa = PBXBuildFile; fileRef = F1B766501D4F22600022C9FC /* Main.storyboard */; };
		F1B766541D4F22600022C9FC /* Assets.xcassets in Resources */ = {isa = PBXBuildFile; fileRef = F1B766531D4F22600022C9FC /* Assets.xcassets */; };
		F1B766571D4F22600022C9FC /* LaunchScreen.storyboard in Resources */ = {isa = PBXBuildFile; fileRef = F1B766551D4F22600022C9FC /* LaunchScreen.storyboard */; };
/* End PBXBuildFile section */

/* Begin PBXFileReference section */
		F1B766491D4F22600022C9FC /* FriendsOfFriends.app */ = {isa = PBXFileReference; explicitFileType = wrapper.application; includeInIndex = 0; path = FriendsOfFriends.app; sourceTree = BUILT_PRODUCTS_DIR; };
		F1B7664C1D4F22600022C9FC /* AppDelegate.swift */ = {isa = PBXFileReference; lastKnownFileType = sourcecode.swift; path = AppDelegate.swift; sourceTree = "<group>"; };
		F1B7664E1D4F22600022C9FC /* ViewController.swift */ = {isa = PBXFileReference; lastKnownFileType = sourcecode.swift; path = ViewController.swift; sourceTree = "<group>"; };
		F1B766511D4F22600022C9FC /* Base */ = {isa = PBXFileReference; lastKnownFileType = file.storyboard; name = Base; path = Base.lproj/Main.storyboard; sourceTree = "<group>"; };
		F1B766531D4F22600022C9FC /* Assets.xcassets */ = {isa = PBXFileReference; lastKnownFileType = folder.assetcatalog; path = Assets.xcassets; sourceTree = "<group>"; };
		F1B766561D4F22600022C9FC /* Base */ = {isa = PBXFileReference; lastKnownFileType = file.storyboard; name = Base; path = Base.lproj/LaunchScreen.storyboard; sourceTree = "<group>"; };
		F1B766581D4F22600022C9FC /* Info.plist */ = {isa = PBXFileReference; lastKnownFileType = text.plist.xml; path = Info.plist; sourceTree = "<group>"; };
/* End PBXFileReference section */

/* Begin PBXFrameworksBuildPhase section */
		F1B766461D4F22600022C9FC /* Frameworks */ = {
			isa = PBXFrameworksBuildPhase;
			buildActionMask = 2147483647;
			files = (
			);
			runOnlyForDeploymentPostprocessing = 0;
		};
/* End PBXFrameworksBuildPhase section */

/* Begin PBXGroup section */
		F1B766401D4F22600022C9FC = {
			isa = PBXGroup;
			children = (
				F1B7664B1D4F22600022C9FC /* FriendsOfFriends */,
				F1B7664A1D4F22600022C9FC /* Products */,
			);
			sourceTree = "<group>";
		};
		F1B7664A1D4F22600022C9FC /* Products */ = {
			isa = PBXGroup;
			children = (
				F1B766491D4F22600022C9FC /* FriendsOfFriends.app */,
			);
			name = Products;
			sourceTree = "<group>";
		};
		F1B7664B1D4F22600022C9FC /* FriendsOfFriends */ = {
			isa = PBXGroup;
			children = (
				F1B7664C1D4F22600022C9FC /* AppDelegate.swift */,
				F1B7664E1D4F22600022C9FC /* ViewController.swift */,
				F1B766501D4F22600022C9FC /* Main.storyboard */,
				F1B766531D4F22600022C9FC /* Assets.xcassets */,
				F1B766551D4F22600022C9FC /* LaunchScreen.storyboard */,
				F1B766581D4F22600022C9FC /* Info.plist */,
			);
			path = FriendsOfFriends;
			sourceTree = "<group>";
		};
/* End PBXGroup section */

/* Begin PBXNativeTarget section */
		F1B766481D4F22600022C9FC /* FriendsOfFriends */ = {
			isa = PBXNativeTarget;
			buildConfigurationList = F1B7665B1D4F22600022C9FC /* Build configuration list for PBXNativeTarget "FriendsOfFriends" */;
			buildPhases = (
				F1B766451D4F22600022C9FC /* Sources */,
				F1B766461D4F22600022C9FC /* Frameworks */,
				F1B766471D4F22600022C9FC /* Resources */,
			);
			buildRules = (
			);
			dependencies = (
			);
			name = FriendsOfFriends;
			productName = FriendsOfFriends;
			productReference = F1B766491D4F22600022C9FC /* FriendsOfFriends.app */;
			productType = "com.apple.product-type.application";
		};
/* End PBXNativeTarget section */

/* Begin PBXProject section */
		F1B766411D4F22600022C9FC /* Project object */ = {
			isa = PBXProject;
			attributes = {
				LastSwiftUpdateCheck = 0800;
				LastUpgradeCheck = 0800;
				ORGANIZATIONNAME = WynnEnterprises;
				TargetAttributes = {
					F1B766481D4F22600022C9FC = {
						CreatedOnToolsVersion = 8.0;
						DevelopmentTeam = HU9WW6UXBK;
						DevelopmentTeamName = "Cory Wynn (Personal Team)";
						ProvisioningStyle = Automatic;
					};
				};
			};
			buildConfigurationList = F1B766441D4F22600022C9FC /* Build configuration list for PBXProject "FriendsOfFriends" */;
			compatibilityVersion = "Xcode 3.2";
			developmentRegion = English;
			hasScannedForEncodings = 0;
			knownRegions = (
				en,
				Base,
			);
			mainGroup = F1B766401D4F22600022C9FC;
			productRefGroup = F1B7664A1D4F22600022C9FC /* Products */;
			projectDirPath = "";
			projectRoot = "";
			targets = (
				F1B766481D4F22600022C9FC /* FriendsOfFriends */,
			);
		};
/* End PBXProject section */

/* Begin PBXResourcesBuildPhase section */
		F1B766471D4F22600022C9FC /* Resources */ = {
			isa = PBXResourcesBuildPhase;
			buildActionMask = 2147483647;
			files = (
				F1B766571D4F22600022C9FC /* LaunchScreen.storyboard in Resources */,
				F1B766541D4F22600022C9FC /* Assets.xcassets in Resources */,
				F1B766521D4F22600022C9FC /* Main.storyboard in Resources */,
			);
			runOnlyForDeploymentPostprocessing = 0;
		};
/* End PBXResourcesBuildPhase section */

/* Begin PBXSourcesBuildPhase section */
		F1B766451D4F22600022C9FC /* Sources */ = {
			isa = PBXSourcesBuildPhase;
			buildActionMask = 2147483647;
			files = (
				F1B7664F1D4F22600022C9FC /* ViewController.swift in Sources */,
				F1B7664D1D4F22600022C9FC /* AppDelegate.swift in Sources */,
			);
			runOnlyForDeploymentPostprocessing = 0;
		};
/* End PBXSourcesBuildPhase section */

/* Begin PBXVariantGroup section */
		F1B766501D4F22600022C9FC /* Main.storyboard */ = {
			isa = PBXVariantGroup;
			children = (
				F1B766511D4F22600022C9FC /* Base */,
			);
			name = Main.storyboard;
			sourceTree = "<group>";
		};
		F1B766551D4F22600022C9FC /* LaunchScreen.storyboard */ = {
			isa = PBXVariantGroup;
			children = (
				F1B766561D4F22600022C9FC /* Base */,
			);
			name = LaunchScreen.storyboard;
			sourceTree = "<group>";
		};
/* End PBXVariantGroup section */

/* Begin XCBuildConfiguration section */
		F1B766591D4F22600022C9FC /* Debug */ = {
			isa = XCBuildConfiguration;
			buildSettings = {
				ALWAYS_SEARCH_USER_PATHS = NO;
				CLANG_ANALYZER_NONNULL = YES;
				CLANG_CXX_LANGUAGE_STANDARD = "gnu++0x";
				CLANG_CXX_LIBRARY = "libc++";
				CLANG_ENABLE_MODULES = YES;
				CLANG_ENABLE_OBJC_ARC = YES;
				CLANG_WARN_BOOL_CONVERSION = YES;
				CLANG_WARN_CONSTANT_CONVERSION = YES;
				CLANG_WARN_DIRECT_OBJC_ISA_USAGE = YES_ERROR;
				CLANG_WARN_DOCUMENTATION_COMMENTS = YES;
				CLANG_WARN_EMPTY_BODY = YES;
				CLANG_WARN_ENUM_CONVERSION = YES;
				CLANG_WARN_INT_CONVERSION = YES;
				CLANG_WARN_OBJC_ROOT_CLASS = YES_ERROR;
				CLANG_WARN_UNREACHABLE_CODE = YES;
				CLANG_WARN__DUPLICATE_METHOD_MATCH = YES;
				"CODE_SIGN_IDENTITY[sdk=iphoneos*]" = "iPhone Developer";
				COPY_PHASE_STRIP = NO;
				DEBUG_INFORMATION_FORMAT = dwarf;
				ENABLE_STRICT_OBJC_MSGSEND = YES;
				ENABLE_TESTABILITY = YES;
				GCC_C_LANGUAGE_STANDARD = gnu99;
				GCC_DYNAMIC_NO_PIC = NO;
				GCC_NO_COMMON_BLOCKS = YES;
				GCC_OPTIMIZATION_LEVEL = 0;
				GCC_PREPROCESSOR_DEFINITIONS = (
					"DEBUG=1",
					"$(inherited)",
				);
				GCC_WARN_64_TO_32_BIT_CONVERSION = YES;
				GCC_WARN_ABOUT_RETURN_TYPE = YES_ERROR;
				GCC_WARN_UNDECLARED_SELECTOR = YES;
				GCC_WARN_UNINITIALIZED_AUTOS = YES_AGGRESSIVE;
				GCC_WARN_UNUSED_FUNCTION = YES;
				GCC_WARN_UNUSED_VARIABLE = YES;
				IPHONEOS_DEPLOYMENT_TARGET = 10.0;
				MTL_ENABLE_DEBUG_INFO = YES;
				ONLY_ACTIVE_ARCH = YES;
				SDKROOT = iphoneos;
				SWIFT_ACTIVE_COMPILATION_CONDITIONS = DEBUG;
				SWIFT_OPTIMIZATION_LEVEL = "-Onone";
			};
			name = Debug;
		};
		F1B7665A1D4F22600022C9FC /* Release */ = {
			isa = XCBuildConfiguration;
			buildSettings = {
				ALWAYS_SEARCH_USER_PATHS = NO;
				CLANG_ANALYZER_NONNULL = YES;
				CLANG_CXX_LANGUAGE_STANDARD = "gnu++0x";
				CLANG_CXX_LIBRARY = "libc++";
				CLANG_ENABLE_MODULES = YES;
				CLANG_ENABLE_OBJC_ARC = YES;
				CLANG_WARN_BOOL_CONVERSION = YES;
				CLANG_WARN_CONSTANT_CONVERSION = YES;
				CLANG_WARN_DIRECT_OBJC_ISA_USAGE = YES_ERROR;
				CLANG_WARN_DOCUMENTATION_COMMENTS = YES;
				CLANG_WARN_EMPTY_BODY = YES;
				CLANG_WARN_ENUM_CONVERSION = YES;
				CLANG_WARN_INT_CONVERSION = YES;
				CLANG_WARN_OBJC_ROOT_CLASS = YES_ERROR;
				CLANG_WARN_UNREACHABLE_CODE = YES;
				CLANG_WARN__DUPLICATE_METHOD_MATCH = YES;
				"CODE_SIGN_IDENTITY[sdk=iphoneos*]" = "iPhone Developer";
				COPY_PHASE_STRIP = NO;
				DEBUG_INFORMATION_FORMAT = "dwarf-with-dsym";
				ENABLE_NS_ASSERTIONS = NO;
				ENABLE_STRICT_OBJC_MSGSEND = YES;
				GCC_C_LANGUAGE_STANDARD = gnu99;
				GCC_NO_COMMON_BLOCKS = YES;
				GCC_WARN_64_TO_32_BIT_CONVERSION = YES;
				GCC_WARN_ABOUT_RETURN_TYPE = YES_ERROR;
				GCC_WARN_UNDECLARED_SELECTOR = YES;
				GCC_WARN_UNINITIALIZED_AUTOS = YES_AGGRESSIVE;
				GCC_WARN_UNUSED_FUNCTION = YES;
				GCC_WARN_UNUSED_VARIABLE = YES;
				IPHONEOS_DEPLOYMENT_TARGET = 10.0;
				MTL_ENABLE_DEBUG_INFO = NO;
				SDKROOT = iphoneos;
				SWIFT_OPTIMIZATION_LEVEL = "-Owholemodule";
				VALIDATE_PRODUCT = YES;
			};
			name = Release;
		};
		F1B7665C1D4F22600022C9FC /* Debug */ = {
			isa = XCBuildConfiguration;
			buildSettings = {
				ASSETCATALOG_COMPILER_APPICON_NAME = AppIcon;
				INFOPLIST_FILE = FriendsOfFriends/Info.plist;
				LD_RUNPATH_SEARCH_PATHS = "$(inherited) @executable_path/Frameworks";
				PRODUCT_BUNDLE_IDENTIFIER = com.wynnenterprises.FriendsOfFriends;
				PRODUCT_NAME = "$(TARGET_NAME)";
				SWIFT_VERSION = 3.0;
			};
			name = Debug;
		};
		F1B7665D1D4F22600022C9FC /* Release */ = {
			isa = XCBuildConfiguration;
			buildSettings = {
				ASSETCATALOG_COMPILER_APPICON_NAME = AppIcon;
				INFOPLIST_FILE = FriendsOfFriends/Info.plist;
				LD_RUNPATH_SEARCH_PATHS = "$(inherited) @executable_path/Frameworks";
				PRODUCT_BUNDLE_IDENTIFIER = com.wynnenterprises.FriendsOfFriends;
				PRODUCT_NAME = "$(TARGET_NAME)";
				SWIFT_VERSION = 3.0;
			};
			name = Release;
		};
/* End XCBuildConfiguration section */

/* Begin XCConfigurationList section */
		F1B766441D4F22600022C9FC /* Build configuration list for PBXProject "FriendsOfFriends" */ = {
			isa = XCConfigurationList;
			buildConfigurations = (
				F1B766591D4F22600022C9FC /* Debug */,
				F1B7665A1D4F22600022C9FC /* Release */,
			);
			defaultConfigurationIsVisible = 0;
			defaultConfigurationName = Release;
		};
		F1B7665B1D4F22600022C9FC /* Build configuration list for PBXNativeTarget "FriendsOfFriends" */ = {
			isa = XCConfigurationList;
			buildConfigurations = (
				F1B7665C1D4F22600022C9FC /* Debug */,
				F1B7665D1D4F22600022C9FC /* Release */,
			);
			defaultConfigurationIsVisible = 0;
		};
/* End XCConfigurationList section */
	};
	rootObject = F1B766411D4F22600022C9FC /* Project object */;
}
